# This file was autogenerated by uv via the following command:
#    uv pip compile --python .venv\Scripts\python.exe requirements.txt --output-file requirements.lock
aiohappyeyeballs==2.7.1
    # via aiohttp
aiohttp==3.14.3
    # via web3
aiosignal==1.4.0
    # via aiohttp
annotated-types==0.8.0
    # via pydantic
attrs==26.1.0
    # via aiohttp
bitarray==3.9.2
    # via eth-account
certifi==2026.7.22
    # via requests
charset-normalizer==3.4.9
    # via requests
ckzg==2.1.8
    # via eth-account
click==8.4.2
    # via genvm-linter
colorama==0.4.6
    # via
    #   click
    #   genlayer-test
    #   pytest
cytoolz==1.1.0
    # via eth-utils
eth-abi==5.2.0
    # via
    #   eth-account
    #   web3
eth-account==0.13.7
    # via
    #   -r requirements.txt
    #   web3
eth-hash==0.8.0
    # via
    #   eth-utils
    #   web3
eth-keyfile==0.8.1
    # via eth-account
eth-keys==0.7.0
    # via
    #   eth-account
    #   eth-keyfile
eth-rlp==2.2.0
    # via eth-account
eth-typing==6.0.0
    # via
    #   eth-abi
    #   eth-keys
    #   eth-utils
    #   web3
eth-utils==6.0.0
    # via
    #   -r requirements.txt
    #   eth-abi
    #   eth-account
    #   eth-keyfile
    #   eth-keys
    #   eth-rlp
    #   rlp
    #   web3
frozenlist==1.8.0
    # via
    #   aiohttp
    #   aiosignal
genlayer-py @ git+https://github.com/genlayerlabs/genlayer-py@a3dc35e04898e3889cbfa855bcaf7d2664675b8f
    # via
    #   -r requirements.txt
    #   genlayer-test
genlayer-test @ git+https://github.com/genlayerlabs/genlayer-testing-suite@9c09578b143905471fb0657dd53bdaf18da8e35f
    # via -r requirements.txt
genvm-linter @ git+https://github.com/genlayerlabs/genvm-linter@e94398b0fb6d012af5af6a47c43546c4913bd93e
    # via -r requirements.txt
hexbytes==1.3.1
    # via
    #   eth-account
    #   eth-rlp
    #   web3
idna==3.18
    # via
    #   requests
    #   yarl
iniconfig==2.3.0
    # via pytest
multidict==6.7.1
    # via
    #   aiohttp
    #   yarl
nodeenv==1.10.0
    # via pyright
numpy==2.5.1
    # via genvm-linter
packaging==26.2
    # via pytest
parsimonious==0.10.0
    # via eth-abi
pluggy==1.6.0
    # via pytest
propcache==0.5.2
    # via
    #   aiohttp
    #   yarl
pycryptodome==3.23.0
    # via
    #   eth-hash
    #   eth-keyfile
pydantic==2.13.4
    # via
    #   eth-account
    #   eth-utils
    #   web3
pydantic-core==2.46.4
    # via pydantic
pygments==2.20.0
    # via pytest
pyright==1.1.411
    # via genvm-linter
pytest==9.1.1
    # via genlayer-test
python-dotenv==1.2.2
    # via
    #   -r requirements.txt
    #   genlayer-test
pyunormalize==17.0.0
    # via web3
pywin32==312
    # via web3
pyyaml==6.0.3
    # via genlayer-test
regex==2026.7.19
    # via parsimonious
requests==2.34.2
    # via
    #   -r requirements.txt
    #   web3
rlp==4.1.0
    # via
    #   eth-account
    #   eth-rlp
toolz==1.1.0
    # via cytoolz
types-requests==2.33.0.20260712
    # via web3
typing-extensions==4.16.0
    # via
    #   aiohttp
    #   aiosignal
    #   eth-typing
    #   pydantic
    #   pydantic-core
    #   pyright
    #   typing-inspection
    #   web3
typing-inspection==0.4.2
    # via pydantic
urllib3==2.7.0
    # via
    #   requests
    #   types-requests
web3==7.16.0
    # via genlayer-py
websockets==15.0.1
    # via web3
yarl==1.24.5
    # via aiohttp
